
Microsoft Visual Studio Solution File, Format Version 12.00
# Visual Studio Version 17
VisualStudioVersion = 17.9.34622.214
MinimumVisualStudioVersion = 10.0.40219.1
Project("{9A19103F-16F7-4668-BE54-9A1E7A4F7556}") = "De01.BUS", "De01.BUS\De01.BUS.csproj", "{C9ADFFC8-5652-4A46-A875-49B876C1F8D2}"
EndProject
Project("{9A19103F-16F7-4668-BE54-9A1E7A4F7556}") = "De01.GUI", "De01.GUI\De01.GUI.csproj", "{17648105-688E-4973-AD40-9B2420AF240E}"
EndProject
Project("{FAE04EC0-301F-11D3-BF4B-00C04F79EFBC}") = "De01.DAL", "De01.DAL\De01.DAL.csproj", "{B591C90D-C44E-41D0-A40A-3E5128C2E494}"
EndProject
Global
	GlobalSection(SolutionConfigurationPlatforms) = preSolution
		Debug|Any CPU = Debug|Any CPU
		Release|Any CPU = Release|Any CPU
	EndGlobalSection
	GlobalSection(ProjectConfigurationPlatforms) = postSolution
		{C9ADFFC8-5652-4A46-A875-49B876C1F8D2}.Debug|Any CPU.ActiveCfg = Debug|Any CPU
		{C9ADFFC8-5652-4A46-A875-49B876C1F8D2}.Debug|Any CPU.Build.0 = Debug|Any CPU
		{C9ADFFC8-5652-4A46-A875-49B876C1F8D2}.Release|Any CPU.ActiveCfg = Release|Any CPU
		{C9ADFFC8-5652-4A46-A875-49B876C1F8D2}.Release|Any CPU.Build.0 = Release|Any CPU
		{17648105-688E-4973-AD40-9B2420AF240E}.Debug|Any CPU.ActiveCfg = Debug|Any CPU
		{17648105-688E-4973-AD40-9B2420AF240E}.Debug|Any CPU.Build.0 = Debug|Any CPU
		{17648105-688E-4973-AD40-9B2420AF240E}.Release|Any CPU.ActiveCfg = Release|Any CPU
		{17648105-688E-4973-AD40-9B2420AF240E}.Release|Any CPU.Build.0 = Release|Any CPU
		{B591C90D-C44E-41D0-A40A-3E5128C2E494}.Debug|Any CPU.ActiveCfg = Debug|Any CPU
		{B591C90D-C44E-41D0-A40A-3E5128C2E494}.Debug|Any CPU.Build.0 = Debug|Any CPU
		{B591C90D-C44E-41D0-A40A-3E5128C2E494}.Release|Any CPU.ActiveCfg = Release|Any CPU
		{B591C90D-C44E-41D0-A40A-3E5128C2E494}.Release|Any CPU.Build.0 = Release|Any CPU
	EndGlobalSection
	GlobalSection(SolutionProperties) = preSolution
		HideSolutionNode = FALSE
	EndGlobalSection
	GlobalSection(ExtensibilityGlobals) = postSolution
		SolutionGuid = {038511D1-8EB6-46D3-87C3-3F1627AEB53E}
	EndGlobalSection
EndGlobal
